
Microsoft Visual Studio Solution File, Format Version 12.00
# Visual Studio Version 17
VisualStudioVersion = 17.3.32901.215
MinimumVisualStudioVersion = 10.0.40219.1
Project("{FAE04EC0-301F-11D3-BF4B-00C04F79EFBC}") = "Calculator", "Calculator\Calculator.csproj", "{40923E50-31C3-4299-BA8C-EB992005373F}"
EndProject
Project("{FAE04EC0-301F-11D3-BF4B-00C04F79EFBC}") = "CalculatorClient", "CalculatorClient\CalculatorClient.csproj", "{89C8E17A-89F9-4CD0-B02F-7B944E77CA47}"
	ProjectSection(ProjectDependencies) = postProject
		{40923E50-31C3-4299-BA8C-EB992005373F} = {40923E50-31C3-4299-BA8C-EB992005373F}
	EndProjectSection
EndProject
Global
	GlobalSection(SolutionConfigurationPlatforms) = preSolution
		Debug|Any CPU = Debug|Any CPU
		Release|Any CPU = Release|Any CPU
	EndGlobalSection
	GlobalSection(ProjectConfigurationPlatforms) = postSolution
		{40923E50-31C3-4299-BA8C-EB992005373F}.Debug|Any CPU.ActiveCfg = Debug|Any CPU
		{40923E50-31C3-4299-BA8C-EB992005373F}.Debug|Any CPU.Build.0 = Debug|Any CPU
		{40923E50-31C3-4299-BA8C-EB992005373F}.Release|Any CPU.ActiveCfg = Release|Any CPU
		{40923E50-31C3-4299-BA8C-EB992005373F}.Release|Any CPU.Build.0 = Release|Any CPU
		{89C8E17A-89F9-4CD0-B02F-7B944E77CA47}.Debug|Any CPU.ActiveCfg = Debug|Any CPU
		{89C8E17A-89F9-4CD0-B02F-7B944E77CA47}.Debug|Any CPU.Build.0 = Debug|Any CPU
		{89C8E17A-89F9-4CD0-B02F-7B944E77CA47}.Release|Any CPU.ActiveCfg = Release|Any CPU
		{89C8E17A-89F9-4CD0-B02F-7B944E77CA47}.Release|Any CPU.Build.0 = Release|Any CPU
	EndGlobalSection
	GlobalSection(SolutionProperties) = preSolution
		HideSolutionNode = FALSE
	EndGlobalSection
	GlobalSection(ExtensibilityGlobals) = postSolution
		SolutionGuid = {559704B7-3EBD-4F09-BA3F-46555BCB12E1}
	EndGlobalSection
EndGlobal
